// !$*UTF8*$!
{
	archiveVersion = 1;
	classes = {
	};
	objectVersion = 46;
	objects = {

/* Begin PBXBuildFile section */
		0CF4D43C18DFC12800C336AB /* opencv2.framework in Frameworks */ = {isa = PBXBuildFile; fileRef = 0CF4D43B18DFC12800C336AB /* opencv2.framework */; };
		0CF4D43E18E0BA5700C336AB /* Accelerate.framework in Frameworks */ = {isa = PBXBuildFile; fileRef = 0CF4D43D18E0BA5700C336AB /* Accelerate.framework */; };
		0CF4D44018E0BA6D00C336AB /* AssetsLibrary.framework in Frameworks */ = {isa = PBXBuildFile; fileRef = 0CF4D43F18E0BA6D00C336AB /* AssetsLibrary.framework */; };
		0CF4D44218E0BA7D00C336AB /* AVFoundation.framework in Frameworks */ = {isa = PBXBuildFile; fileRef = 0CF4D44118E0BA7D00C336AB /* AVFoundation.framework */; };
		0CF4D44418E0BAA000C336AB /* CoreMedia.framework in Frameworks */ = {isa = PBXBuildFile; fileRef = 0CF4D44318E0BAA000C336AB /* CoreMedia.framework */; };
		0CF4D44618E0BAA900C336AB /* CoreVideo.framework in Frameworks */ = {isa = PBXBuildFile; fileRef = 0CF4D44518E0BAA900C336AB /* CoreVideo.framework */; };
		39189FDF18DECC5500D6521A /* Foundation.framework in Frameworks */ = {isa = PBXBuildFile; fileRef = 39189FDE18DECC5500D6521A /* Foundation.framework */; };
		39189FE118DECC5500D6521A /* CoreGraphics.framework in Frameworks */ = {isa = PBXBuildFile; fileRef = 39189FE018DECC5500D6521A /* CoreGraphics.framework */; };
		39189FE318DECC5500D6521A /* UIKit.framework in Frameworks */ = {isa = PBXBuildFile; fileRef = 39189FE218DECC5500D6521A /* UIKit.framework */; };
		39189FE918DECC5500D6521A /* InfoPlist.strings in Resources */ = {isa = PBXBuildFile; fileRef = 39189FE718DECC5500D6521A /* InfoPlist.strings */; };
		39189FEB18DECC5500D6521A /* main.m in Sources */ = {isa = PBXBuildFile; fileRef = 39189FEA18DECC5500D6521A /* main.m */; };
		39189FEF18DECC5500D6521A /* AppDelegate.m in Sources */ = {isa = PBXBuildFile; fileRef = 39189FEE18DECC5500D6521A /* AppDelegate.m */; };
		39189FF218DECC5500D6521A /* Main.storyboard in Resources */ = {isa = PBXBuildFile; fileRef = 39189FF018DECC5500D6521A /* Main.storyboard */; };
		39189FF518DECC5500D6521A /* ViewController.m in Sources */ = {isa = PBXBuildFile; fileRef = 39189FF418DECC5500D6521A /* ViewController.m */; };
		39189FF718DECC5500D6521A /* Images.xcassets in Resources */ = {isa = PBXBuildFile; fileRef = 39189FF618DECC5500D6521A /* Images.xcassets */; };
		39189FFE18DECC5500D6521A /* XCTest.framework in Frameworks */ = {isa = PBXBuildFile; fileRef = 39189FFD18DECC5500D6521A /* XCTest.framework */; };
		39189FFF18DECC5500D6521A /* Foundation.framework in Frameworks */ = {isa = PBXBuildFile; fileRef = 39189FDE18DECC5500D6521A /* Foundation.framework */; };
		3918A00018DECC5500D6521A /* UIKit.framework in Frameworks */ = {isa = PBXBuildFile; fileRef = 39189FE218DECC5500D6521A /* UIKit.framework */; };
		3918A00818DECC5500D6521A /* InfoPlist.strings in Resources */ = {isa = PBXBuildFile; fileRef = 3918A00618DECC5500D6521A /* InfoPlist.strings */; };
		3918A00A18DECC5500D6521A /* CoreImageAppTests.m in Sources */ = {isa = PBXBuildFile; fileRef = 3918A00918DECC5500D6521A /* CoreImageAppTests.m */; };
		3918A01418DECC8000D6521A /* CoreImage.framework in Frameworks */ = {isa = PBXBuildFile; fileRef = 3918A01318DECC8000D6521A /* CoreImage.framework */; };
		3918A01618DECC8800D6521A /* QuartzCore.framework in Frameworks */ = {isa = PBXBuildFile; fileRef = 3918A01518DECC8800D6521A /* QuartzCore.framework */; };
		3918A01918DECCB500D6521A /* VideoAnalgesic.m in Sources */ = {isa = PBXBuildFile; fileRef = 3918A01818DECCB500D6521A /* VideoAnalgesic.m */; };
		399BF87B18FF22F200162F11 /* HeartRateViewController.mm in Sources */ = {isa = PBXBuildFile; fileRef = 399BF87A18FF22F200162F11 /* HeartRateViewController.mm */; };
		399BF87F18FF250400162F11 /* opencv2.framework in Frameworks */ = {isa = PBXBuildFile; fileRef = 399BF87E18FF250400162F11 /* opencv2.framework */; };
/* End PBXBuildFile section */

/* Begin PBXContainerItemProxy section */
		3918A00118DECC5500D6521A /* PBXContainerItemProxy */ = {
			isa = PBXContainerItemProxy;
			containerPortal = 39189FD318DECC5500D6521A /* Project object */;
			proxyType = 1;
			remoteGlobalIDString = 39189FDA18DECC5500D6521A;
			remoteInfo = CoreImageApp;
		};
/* End PBXContainerItemProxy section */

/* Begin PBXFileReference section */
		0CF4D43B18DFC12800C336AB /* opencv2.framework */ = {isa = PBXFileReference; lastKnownFileType = wrapper.framework; path = opencv2.framework; sourceTree = "<group>"; };
		0CF4D43D18E0BA5700C336AB /* Accelerate.framework */ = {isa = PBXFileReference; lastKnownFileType = wrapper.framework; name = Accelerate.framework; path = System/Library/Frameworks/Accelerate.framework; sourceTree = SDKROOT; };
		0CF4D43F18E0BA6D00C336AB /* AssetsLibrary.framework */ = {isa = PBXFileReference; lastKnownFileType = wrapper.framework; name = AssetsLibrary.framework; path = System/Library/Frameworks/AssetsLibrary.framework; sourceTree = SDKROOT; };
		0CF4D44118E0BA7D00C336AB /* AVFoundation.framework */ = {isa = PBXFileReference; lastKnownFileType = wrapper.framework; name = AVFoundation.framework; path = System/Library/Frameworks/AVFoundation.framework; sourceTree = SDKROOT; };
		0CF4D44318E0BAA000C336AB /* CoreMedia.framework */ = {isa = PBXFileReference; lastKnownFileType = wrapper.framework; name = CoreMedia.framework; path = System/Library/Frameworks/CoreMedia.framework; sourceTree = SDKROOT; };
		0CF4D44518E0BAA900C336AB /* CoreVideo.framework */ = {isa = PBXFileReference; lastKnownFileType = wrapper.framework; name = CoreVideo.framework; path = System/Library/Frameworks/CoreVideo.framework; sourceTree = SDKROOT; };
		39189FDB18DECC5500D6521A /* CoreImageApp.app */ = {isa = PBXFileReference; explicitFileType = wrapper.application; includeInIndex = 0; path = CoreImageApp.app; sourceTree = BUILT_PRODUCTS_DIR; };
		39189FDE18DECC5500D6521A /* Foundation.framework */ = {isa = PBXFileReference; lastKnownFileType = wrapper.framework; name = Foundation.framework; path = System/Library/Frameworks/Foundation.framework; sourceTree = SDKROOT; };
		39189FE018DECC5500D6521A /* CoreGraphics.framework */ = {isa = PBXFileReference; lastKnownFileType = wrapper.framework; name = CoreGraphics.framework; path = System/Library/Frameworks/CoreGraphics.framework; sourceTree = SDKROOT; };
		39189FE218DECC5500D6521A /* UIKit.framework */ = {isa = PBXFileReference; lastKnownFileType = wrapper.framework; name = UIKit.framework; path = System/Library/Frameworks/UIKit.framework; sourceTree = SDKROOT; };
		39189FE618DECC5500D6521A /* CoreImageApp-Info.plist */ = {isa = PBXFileReference; lastKnownFileType = text.plist.xml; path = "CoreImageApp-Info.plist"; sourceTree = "<group>"; };
		39189FE818DECC5500D6521A /* en */ = {isa = PBXFileReference; lastKnownFileType = text.plist.strings; name = en; path = en.lproj/InfoPlist.strings; sourceTree = "<group>"; };
		39189FEA18DECC5500D6521A /* main.m */ = {isa = PBXFileReference; lastKnownFileType = sourcecode.c.objc; path = main.m; sourceTree = "<group>"; };
		39189FEC18DECC5500D6521A /* CoreImageApp-Prefix.pch */ = {isa = PBXFileReference; lastKnownFileType = sourcecode.c.h; path = "CoreImageApp-Prefix.pch"; sourceTree = "<group>"; };
		39189FED18DECC5500D6521A /* AppDelegate.h */ = {isa = PBXFileReference; lastKnownFileType = sourcecode.c.h; path = AppDelegate.h; sourceTree = "<group>"; };
		39189FEE18DECC5500D6521A /* AppDelegate.m */ = {isa = PBXFileReference; lastKnownFileType = sourcecode.c.objc; path = AppDelegate.m; sourceTree = "<group>"; };
		39189FF118DECC5500D6521A /* Base */ = {isa = PBXFileReference; lastKnownFileType = file.storyboard; name = Base; path = Base.lproj/Main.storyboard; sourceTree = "<group>"; };
		39189FF318DECC5500D6521A /* ViewController.h */ = {isa = PBXFileReference; lastKnownFileType = sourcecode.c.h; path = ViewController.h; sourceTree = "<group>"; };
		39189FF418DECC5500D6521A /* ViewController.m */ = {isa = PBXFileReference; lastKnownFileType = sourcecode.c.objc; path = ViewController.m; sourceTree = "<group>"; };
		39189FF618DECC5500D6521A /* Images.xcassets */ = {isa = PBXFileReference; lastKnownFileType = folder.assetcatalog; path = Images.xcassets; sourceTree = "<group>"; };
		39189FFC18DECC5500D6521A /* CoreImageAppTests.xctest */ = {isa = PBXFileReference; explicitFileType = wrapper.cfbundle; includeInIndex = 0; path = CoreImageAppTests.xctest; sourceTree = BUILT_PRODUCTS_DIR; };
		39189FFD18DECC5500D6521A /* XCTest.framework */ = {isa = PBXFileReference; lastKnownFileType = wrapper.framework; name = XCTest.framework; path = Library/Frameworks/XCTest.framework; sourceTree = DEVELOPER_DIR; };
		3918A00518DECC5500D6521A /* CoreImageAppTests-Info.plist */ = {isa = PBXFileReference; lastKnownFileType = text.plist.xml; path = "CoreImageAppTests-Info.plist"; sourceTree = "<group>"; };
		3918A00718DECC5500D6521A /* en */ = {isa = PBXFileReference; lastKnownFileType = text.plist.strings; name = en; path = en.lproj/InfoPlist.strings; sourceTree = "<group>"; };
		3918A00918DECC5500D6521A /* CoreImageAppTests.m */ = {isa = PBXFileReference; lastKnownFileType = sourcecode.c.objc; path = CoreImageAppTests.m; sourceTree = "<group>"; };
		3918A01318DECC8000D6521A /* CoreImage.framework */ = {isa = PBXFileReference; lastKnownFileType = wrapper.framework; name = CoreImage.framework; path = System/Library/Frameworks/CoreImage.framework; sourceTree = SDKROOT; };
		3918A01518DECC8800D6521A /* QuartzCore.framework */ = {isa = PBXFileReference; lastKnownFileType = wrapper.framework; name = QuartzCore.framework; path = System/Library/Frameworks/QuartzCore.framework; sourceTree = SDKROOT; };
		3918A01718DECCB500D6521A /* VideoAnalgesic.h */ = {isa = PBXFileReference; fileEncoding = 4; lastKnownFileType = sourcecode.c.h; path = VideoAnalgesic.h; sourceTree = "<group>"; };
		3918A01818DECCB500D6521A /* VideoAnalgesic.m */ = {isa = PBXFileReference; fileEncoding = 4; lastKnownFileType = sourcecode.c.objc; path = VideoAnalgesic.m; sourceTree = "<group>"; };
		399BF87918FF22F200162F11 /* HeartRateViewController.h */ = {isa = PBXFileReference; fileEncoding = 4; lastKnownFileType = sourcecode.c.h; name = HeartRateViewController.h; path = ../HeartRateViewController.h; sourceTree = "<group>"; };
		399BF87A18FF22F200162F11 /* HeartRateViewController.mm */ = {isa = PBXFileReference; fileEncoding = 4; lastKnownFileType = sourcecode.cpp.objcpp; name = HeartRateViewController.mm; path = ../HeartRateViewController.mm; sourceTree = "<group>"; };
		399BF87E18FF250400162F11 /* opencv2.framework */ = {isa = PBXFileReference; lastKnownFileType = wrapper.framework; path = opencv2.framework; sourceTree = "<group>"; };
/* End PBXFileReference section */

/* Begin PBXFrameworksBuildPhase section */
		39189FD818DECC5500D6521A /* Frameworks */ = {
			isa = PBXFrameworksBuildPhase;
			buildActionMask = 2147483647;
			files = (
				0CF4D44618E0BAA900C336AB /* CoreVideo.framework in Frameworks */,
				0CF4D44418E0BAA000C336AB /* CoreMedia.framework in Frameworks */,
				3918A01418DECC8000D6521A /* CoreImage.framework in Frameworks */,
				0CF4D44218E0BA7D00C336AB /* AVFoundation.framework in Frameworks */,
				0CF4D44018E0BA6D00C336AB /* AssetsLibrary.framework in Frameworks */,
				0CF4D43E18E0BA5700C336AB /* Accelerate.framework in Frameworks */,
				399BF87F18FF250400162F11 /* opencv2.framework in Frameworks */,
				0CF4D43C18DFC12800C336AB /* opencv2.framework in Frameworks */,
				3918A01618DECC8800D6521A /* QuartzCore.framework in Frameworks */,
				39189FE118DECC5500D6521A /* CoreGraphics.framework in Frameworks */,
				39189FE318DECC5500D6521A /* UIKit.framework in Frameworks */,
				39189FDF18DECC5500D6521A /* Foundation.framework in Frameworks */,
			);
			runOnlyForDeploymentPostprocessing = 0;
		};
		39189FF918DECC5500D6521A /* Frameworks */ = {
			isa = PBXFrameworksBuildPhase;
			buildActionMask = 2147483647;
			files = (
				39189FFE18DECC5500D6521A /* XCTest.framework in Frameworks */,
				3918A00018DECC5500D6521A /* UIKit.framework in Frameworks */,
				39189FFF18DECC5500D6521A /* Foundation.framework in Frameworks */,
			);
			runOnlyForDeploymentPostprocessing = 0;
		};
/* End PBXFrameworksBuildPhase section */

/* Begin PBXGroup section */
		39189FD218DECC5500D6521A = {
			isa = PBXGroup;
			children = (
				39189FE418DECC5500D6521A /* CoreImageApp */,
				3918A00318DECC5500D6521A /* CoreImageAppTests */,
				39189FDD18DECC5500D6521A /* Frameworks */,
				39189FDC18DECC5500D6521A /* Products */,
			);
			sourceTree = "<group>";
		};
		39189FDC18DECC5500D6521A /* Products */ = {
			isa = PBXGroup;
			children = (
				39189FDB18DECC5500D6521A /* CoreImageApp.app */,
				39189FFC18DECC5500D6521A /* CoreImageAppTests.xctest */,
			);
			name = Products;
			sourceTree = "<group>";
		};
		39189FDD18DECC5500D6521A /* Frameworks */ = {
			isa = PBXGroup;
			children = (
				399BF87E18FF250400162F11 /* opencv2.framework */,
				0CF4D44518E0BAA900C336AB /* CoreVideo.framework */,
				0CF4D44318E0BAA000C336AB /* CoreMedia.framework */,
				0CF4D44118E0BA7D00C336AB /* AVFoundation.framework */,
				0CF4D43F18E0BA6D00C336AB /* AssetsLibrary.framework */,
				0CF4D43D18E0BA5700C336AB /* Accelerate.framework */,
				0CF4D43B18DFC12800C336AB /* opencv2.framework */,
				3918A01518DECC8800D6521A /* QuartzCore.framework */,
				3918A01318DECC8000D6521A /* CoreImage.framework */,
				39189FDE18DECC5500D6521A /* Foundation.framework */,
				39189FE018DECC5500D6521A /* CoreGraphics.framework */,
				39189FE218DECC5500D6521A /* UIKit.framework */,
				39189FFD18DECC5500D6521A /* XCTest.framework */,
			);
			name = Frameworks;
			sourceTree = "<group>";
		};
		39189FE418DECC5500D6521A /* CoreImageApp */ = {
			isa = PBXGroup;
			children = (
				399BF87918FF22F200162F11 /* HeartRateViewController.h */,
				399BF87A18FF22F200162F11 /* HeartRateViewController.mm */,
				39189FED18DECC5500D6521A /* AppDelegate.h */,
				39189FEE18DECC5500D6521A /* AppDelegate.m */,
				3918A01718DECCB500D6521A /* VideoAnalgesic.h */,
				3918A01818DECCB500D6521A /* VideoAnalgesic.m */,
				39189FF018DECC5500D6521A /* Main.storyboard */,
				39189FF318DECC5500D6521A /* ViewController.h */,
				39189FF418DECC5500D6521A /* ViewController.m */,
				39189FF618DECC5500D6521A /* Images.xcassets */,
				39189FE518DECC5500D6521A /* Supporting Files */,
			);
			path = CoreImageApp;
			sourceTree = "<group>";
		};
		39189FE518DECC5500D6521A /* Supporting Files */ = {
			isa = PBXGroup;
			children = (
				39189FE618DECC5500D6521A /* CoreImageApp-Info.plist */,
				39189FE718DECC5500D6521A /* InfoPlist.strings */,
				39189FEA18DECC5500D6521A /* main.m */,
				39189FEC18DECC5500D6521A /* CoreImageApp-Prefix.pch */,
			);
			name = "Supporting Files";
			sourceTree = "<group>";
		};
		3918A00318DECC5500D6521A /* CoreImageAppTests */ = {
			isa = PBXGroup;
			children = (
				3918A00918DECC5500D6521A /* CoreImageAppTests.m */,
				3918A00418DECC5500D6521A /* Supporting Files */,
			);
			path = CoreImageAppTests;
			sourceTree = "<group>";
		};
		3918A00418DECC5500D6521A /* Supporting Files */ = {
			isa = PBXGroup;
			children = (
				3918A00518DECC5500D6521A /* CoreImageAppTests-Info.plist */,
				3918A00618DECC5500D6521A /* InfoPlist.strings */,
			);
			name = "Supporting Files";
			sourceTree = "<group>";
		};
/* End PBXGroup section */

/* Begin PBXNativeTarget section */
		39189FDA18DECC5500D6521A /* CoreImageApp */ = {
			isa = PBXNativeTarget;
			buildConfigurationList = 3918A00D18DECC5500D6521A /* Build configuration list for PBXNativeTarget "CoreImageApp" */;
			buildPhases = (
				39189FD718DECC5500D6521A /* Sources */,
				39189FD818DECC5500D6521A /* Frameworks */,
				39189FD918DECC5500D6521A /* Resources */,
			);
			buildRules = (
			);
			dependencies = (
			);
			name = CoreImageApp;
			productName = CoreImageApp;
			productReference = 39189FDB18DECC5500D6521A /* CoreImageApp.app */;
			productType = "com.apple.product-type.application";
		};
		39189FFB18DECC5500D6521A /* CoreImageAppTests */ = {
			isa = PBXNativeTarget;
			buildConfigurationList = 3918A01018DECC5500D6521A /* Build configuration list for PBXNativeTarget "CoreImageAppTests" */;
			buildPhases = (
				39189FF818DECC5500D6521A /* Sources */,
				39189FF918DECC5500D6521A /* Frameworks */,
				39189FFA18DECC5500D6521A /* Resources */,
			);
			buildRules = (
			);
			dependencies = (
				3918A00218DECC5500D6521A /* PBXTargetDependency */,
			);
			name = CoreImageAppTests;
			productName = CoreImageAppTests;
			productReference = 39189FFC18DECC5500D6521A /* CoreImageAppTests.xctest */;
			productType = "com.apple.product-type.bundle.unit-test";
		};
/* End PBXNativeTarget section */

/* Begin PBXProject section */
		39189FD318DECC5500D6521A /* Project object */ = {
			isa = PBXProject;
			attributes = {
				LastUpgradeCheck = 0510;
				ORGANIZATIONNAME = SMU;
				TargetAttributes = {
					39189FDA18DECC5500D6521A = {
						DevelopmentTeam = JQR64HDZQ5;
					};
					39189FFB18DECC5500D6521A = {
						TestTargetID = 39189FDA18DECC5500D6521A;
					};
				};
			};
			buildConfigurationList = 39189FD618DECC5500D6521A /* Build configuration list for PBXProject "CoreImageApp" */;
			compatibilityVersion = "Xcode 3.2";
			developmentRegion = English;
			hasScannedForEncodings = 0;
			knownRegions = (
				en,
				Base,
			);
			mainGroup = 39189FD218DECC5500D6521A;
			productRefGroup = 39189FDC18DECC5500D6521A /* Products */;
			projectDirPath = "";
			projectRoot = "";
			targets = (
				39189FDA18DECC5500D6521A /* CoreImageApp */,
				39189FFB18DECC5500D6521A /* CoreImageAppTests */,
			);
		};
/* End PBXProject section */

/* Begin PBXResourcesBuildPhase section */
		39189FD918DECC5500D6521A /* Resources */ = {
			isa = PBXResourcesBuildPhase;
			buildActionMask = 2147483647;
			files = (
				39189FF718DECC5500D6521A /* Images.xcassets in Resources */,
				39189FE918DECC5500D6521A /* InfoPlist.strings in Resources */,
				39189FF218DECC5500D6521A /* Main.storyboard in Resources */,
			);
			runOnlyForDeploymentPostprocessing = 0;
		};
		39189FFA18DECC5500D6521A /* Resources */ = {
			isa = PBXResourcesBuildPhase;
			buildActionMask = 2147483647;
			files = (
				3918A00818DECC5500D6521A /* InfoPlist.strings in Resources */,
			);
			runOnlyForDeploymentPostprocessing = 0;
		};
/* End PBXResourcesBuildPhase section */

/* Begin PBXSourcesBuildPhase section */
		39189FD718DECC5500D6521A /* Sources */ = {
			isa = PBXSourcesBuildPhase;
			buildActionMask = 2147483647;
			files = (
				39189FF518DECC5500D6521A /* ViewController.m in Sources */,
				3918A01918DECCB500D6521A /* VideoAnalgesic.m in Sources */,
				399BF87B18FF22F200162F11 /* HeartRateViewController.mm in Sources */,
				39189FEF18DECC5500D6521A /* AppDelegate.m in Sources */,
				39189FEB18DECC5500D6521A /* main.m in Sources */,
			);
			runOnlyForDeploymentPostprocessing = 0;
		};
		39189FF818DECC5500D6521A /* Sources */ = {
			isa = PBXSourcesBuildPhase;
			buildActionMask = 2147483647;
			files = (
				3918A00A18DECC5500D6521A /* CoreImageAppTests.m in Sources */,
			);
			runOnlyForDeploymentPostprocessing = 0;
		};
/* End PBXSourcesBuildPhase section */

/* Begin PBXTargetDependency section */
		3918A00218DECC5500D6521A /* PBXTargetDependency */ = {
			isa = PBXTargetDependency;
			target = 39189FDA18DECC5500D6521A /* CoreImageApp */;
			targetProxy = 3918A00118DECC5500D6521A /* PBXContainerItemProxy */;
		};
/* End PBXTargetDependency section */

/* Begin PBXVariantGroup section */
		39189FE718DECC5500D6521A /* InfoPlist.strings */ = {
			isa = PBXVariantGroup;
			children = (
				39189FE818DECC5500D6521A /* en */,
			);
			name = InfoPlist.strings;
			sourceTree = "<group>";
		};
		39189FF018DECC5500D6521A /* Main.storyboard */ = {
			isa = PBXVariantGroup;
			children = (
				39189FF118DECC5500D6521A /* Base */,
			);
			name = Main.storyboard;
			sourceTree = "<group>";
		};
		3918A00618DECC5500D6521A /* InfoPlist.strings */ = {
			isa = PBXVariantGroup;
			children = (
				3918A00718DECC5500D6521A /* en */,
			);
			name = InfoPlist.strings;
			sourceTree = "<group>";
		};
/* End PBXVariantGroup section */

/* Begin XCBuildConfiguration section */
		3918A00B18DECC5500D6521A /* Debug */ = {
			isa = XCBuildConfiguration;
			buildSettings = {
				ALWAYS_SEARCH_USER_PATHS = NO;
				CLANG_CXX_LANGUAGE_STANDARD = "gnu++0x";
				CLANG_CXX_LIBRARY = "libc++";
				CLANG_ENABLE_MODULES = YES;
				CLANG_ENABLE_OBJC_ARC = YES;
				CLANG_WARN_BOOL_CONVERSION = YES;
				CLANG_WARN_CONSTANT_CONVERSION = YES;
				CLANG_WARN_DIRECT_OBJC_ISA_USAGE = YES_ERROR;
				CLANG_WARN_EMPTY_BODY = YES;
				CLANG_WARN_ENUM_CONVERSION = YES;
				CLANG_WARN_INT_CONVERSION = YES;
				CLANG_WARN_OBJC_ROOT_CLASS = YES_ERROR;
				CLANG_WARN__DUPLICATE_METHOD_MATCH = YES;
				"CODE_SIGN_IDENTITY[sdk=iphoneos*]" = "iPhone Developer";
				COPY_PHASE_STRIP = NO;
				GCC_C_LANGUAGE_STANDARD = gnu99;
				GCC_DYNAMIC_NO_PIC = NO;
				GCC_OPTIMIZATION_LEVEL = 0;
				GCC_PREPROCESSOR_DEFINITIONS = (
					"DEBUG=1",
					"$(inherited)",
				);
				GCC_SYMBOLS_PRIVATE_EXTERN = NO;
				GCC_WARN_64_TO_32_BIT_CONVERSION = YES;
				GCC_WARN_ABOUT_RETURN_TYPE = YES_ERROR;
				GCC_WARN_UNDECLARED_SELECTOR = YES;
				GCC_WARN_UNINITIALIZED_AUTOS = YES_AGGRESSIVE;
				GCC_WARN_UNUSED_FUNCTION = YES;
				GCC_WARN_UNUSED_VARIABLE = YES;
				IPHONEOS_DEPLOYMENT_TARGET = 7.1;
				ONLY_ACTIVE_ARCH = YES;
				SDKROOT = iphoneos7.0;
			};
			name = Debug;
		};
		3918A00C18DECC5500D6521A /* Release */ = {
			isa = XCBuildConfiguration;
			buildSettings = {
				ALWAYS_SEARCH_USER_PATHS = NO;
				CLANG_CXX_LANGUAGE_STANDARD = "gnu++0x";
				CLANG_CXX_LIBRARY = "libc++";
				CLANG_ENABLE_MODULES = YES;
				CLANG_ENABLE_OBJC_ARC = YES;
				CLANG_WARN_BOOL_CONVERSION = YES;
				CLANG_WARN_CONSTANT_CONVERSION = YES;
				CLANG_WARN_DIRECT_OBJC_ISA_USAGE = YES_ERROR;
				CLANG_WARN_EMPTY_BODY = YES;
				CLANG_WARN_ENUM_CONVERSION = YES;
				CLANG_WARN_INT_CONVERSION = YES;
				CLANG_WARN_OBJC_ROOT_CLASS = YES_ERROR;
				CLANG_WARN__DUPLICATE_METHOD_MATCH = YES;
				"CODE_SIGN_IDENTITY[sdk=iphoneos*]" = "iPhone Developer";
				COPY_PHASE_STRIP = YES;
				ENABLE_NS_ASSERTIONS = NO;
				GCC_C_LANGUAGE_STANDARD = gnu99;
				GCC_WARN_64_TO_32_BIT_CONVERSION = YES;
				GCC_WARN_ABOUT_RETURN_TYPE = YES_ERROR;
				GCC_WARN_UNDECLARED_SELECTOR = YES;
				GCC_WARN_UNINITIALIZED_AUTOS = YES_AGGRESSIVE;
				GCC_WARN_UNUSED_FUNCTION = YES;
				GCC_WARN_UNUSED_VARIABLE = YES;
				IPHONEOS_DEPLOYMENT_TARGET = 7.1;
				SDKROOT = iphoneos7.0;
				VALIDATE_PRODUCT = YES;
			};
			name = Release;
		};
		3918A00E18DECC5500D6521A /* Debug */ = {
			isa = XCBuildConfiguration;
			buildSettings = {
				ARCHS = "$(ARCHS_STANDARD_INCLUDING_64_BIT)";
				ASSETCATALOG_COMPILER_APPICON_NAME = AppIcon;
				ASSETCATALOG_COMPILER_LAUNCHIMAGE_NAME = LaunchImage;
				CODE_SIGN_IDENTITY = "iPhone Developer";
				FRAMEWORK_SEARCH_PATHS = (
					"$(inherited)",
					/Users/KNUTSON/ios/CoreImageApp,
					"$(PROJECT_DIR)/CoreImageApp",
					"$(PROJECT_DIR)",
				);
				GCC_PRECOMPILE_PREFIX_HEADER = YES;
				GCC_PREFIX_HEADER = "CoreImageApp/CoreImageApp-Prefix.pch";
				INFOPLIST_FILE = "CoreImageApp/CoreImageApp-Info.plist";
				IPHONEOS_DEPLOYMENT_TARGET = 7.0;
				LIBRARY_SEARCH_PATHS = (
					"$(inherited)",
					"/Users/KNUTSON/ios/CoreImageApp/opencv-2.4.8/3rdparty/lib",
				);
				PRODUCT_NAME = "$(TARGET_NAME)";
				WRAPPER_EXTENSION = app;
			};
			name = Debug;
		};
		3918A00F18DECC5500D6521A /* Release */ = {
			isa = XCBuildConfiguration;
			buildSettings = {
				ARCHS = "$(ARCHS_STANDARD_INCLUDING_64_BIT)";
				ASSETCATALOG_COMPILER_APPICON_NAME = AppIcon;
				ASSETCATALOG_COMPILER_LAUNCHIMAGE_NAME = LaunchImage;
				CODE_SIGN_IDENTITY = "iPhone Developer";
				FRAMEWORK_SEARCH_PATHS = (
					"$(inherited)",
					/Users/KNUTSON/ios/CoreImageApp,
					"$(PROJECT_DIR)/CoreImageApp",
					"$(PROJECT_DIR)",
				);
				GCC_PRECOMPILE_PREFIX_HEADER = YES;
				GCC_PREFIX_HEADER = "CoreImageApp/CoreImageApp-Prefix.pch";
				INFOPLIST_FILE = "CoreImageApp/CoreImageApp-Info.plist";
				IPHONEOS_DEPLOYMENT_TARGET = 7.0;
				LIBRARY_SEARCH_PATHS = (
					"$(inherited)",
					"/Users/KNUTSON/ios/CoreImageApp/opencv-2.4.8/3rdparty/lib",
				);
				PRODUCT_NAME = "$(TARGET_NAME)";
				WRAPPER_EXTENSION = app;
			};
			name = Release;
		};
		3918A01118DECC5500D6521A /* Debug */ = {
			isa = XCBuildConfiguration;
			buildSettings = {
				BUNDLE_LOADER = "$(BUILT_PRODUCTS_DIR)/CoreImageApp.app/CoreImageApp";
				FRAMEWORK_SEARCH_PATHS = (
					"$(SDKROOT)/Developer/Library/Frameworks",
					"$(inherited)",
					"$(DEVELOPER_FRAMEWORKS_DIR)",
				);
				GCC_PRECOMPILE_PREFIX_HEADER = YES;
				GCC_PREFIX_HEADER = "CoreImageApp/CoreImageApp-Prefix.pch";
				GCC_PREPROCESSOR_DEFINITIONS = (
					"DEBUG=1",
					"$(inherited)",
				);
				INFOPLIST_FILE = "CoreImageAppTests/CoreImageAppTests-Info.plist";
				PRODUCT_NAME = "$(TARGET_NAME)";
				TEST_HOST = "$(BUNDLE_LOADER)";
				WRAPPER_EXTENSION = xctest;
			};
			name = Debug;
		};
		3918A01218DECC5500D6521A /* Release */ = {
			isa = XCBuildConfiguration;
			buildSettings = {
				BUNDLE_LOADER = "$(BUILT_PRODUCTS_DIR)/CoreImageApp.app/CoreImageApp";
				FRAMEWORK_SEARCH_PATHS = (
					"$(SDKROOT)/Developer/Library/Frameworks",
					"$(inherited)",
					"$(DEVELOPER_FRAMEWORKS_DIR)",
				);
				GCC_PRECOMPILE_PREFIX_HEADER = YES;
				GCC_PREFIX_HEADER = "CoreImageApp/CoreImageApp-Prefix.pch";
				INFOPLIST_FILE = "CoreImageAppTests/CoreImageAppTests-Info.plist";
				PRODUCT_NAME = "$(TARGET_NAME)";
				TEST_HOST = "$(BUNDLE_LOADER)";
				WRAPPER_EXTENSION = xctest;
			};
			name = Release;
		};
/* End XCBuildConfiguration section */

/* Begin XCConfigurationList section */
		39189FD618DECC5500D6521A /* Build configuration list for PBXProject "CoreImageApp" */ = {
			isa = XCConfigurationList;
			buildConfigurations = (
				3918A00B18DECC5500D6521A /* Debug */,
				3918A00C18DECC5500D6521A /* Release */,
			);
			defaultConfigurationIsVisible = 0;
			defaultConfigurationName = Release;
		};
		3918A00D18DECC5500D6521A /* Build configuration list for PBXNativeTarget "CoreImageApp" */ = {
			isa = XCConfigurationList;
			buildConfigurations = (
				3918A00E18DECC5500D6521A /* Debug */,
				3918A00F18DECC5500D6521A /* Release */,
			);
			defaultConfigurationIsVisible = 0;
			defaultConfigurationName = Release;
		};
		3918A01018DECC5500D6521A /* Build configuration list for PBXNativeTarget "CoreImageAppTests" */ = {
			isa = XCConfigurationList;
			buildConfigurations = (
				3918A01118DECC5500D6521A /* Debug */,
				3918A01218DECC5500D6521A /* Release */,
			);
			defaultConfigurationIsVisible = 0;
			defaultConfigurationName = Release;
		};
/* End XCConfigurationList section */
	};
	rootObject = 39189FD318DECC5500D6521A /* Project object */;
}
