// !$*UTF8*$!
{
	archiveVersion = 1;
	classes = {
	};
	objectVersion = 46;
	objects = {

/* Begin PBXBuildFile section */
		0C2497F418A4358D004755AB /* SliderViewController.m in Sources */ = {isa = PBXBuildFile; fileRef = 0C2497F318A4358D004755AB /* SliderViewController.m */; };
		0CF8519A18A30F1000153D6A /* SwitchViewController.m in Sources */ = {isa = PBXBuildFile; fileRef = 0CF8519918A30F1000153D6A /* SwitchViewController.m */; };
		3906508F18A568BA0092EFF5 /* CoreData.framework in Frameworks */ = {isa = PBXBuildFile; fileRef = 3906508E18A568BA0092EFF5 /* CoreData.framework */; };
		3906509218A56AC50092EFF5 /* Record.m in Sources */ = {isa = PBXBuildFile; fileRef = 3906509118A56AC50092EFF5 /* Record.m */; };
		390A9B6018A07041007D22A8 /* Alarm-Clock-256.png in Resources */ = {isa = PBXBuildFile; fileRef = 390A9B5F18A07041007D22A8 /* Alarm-Clock-256.png */; };
		39586B7818A042AC00A95583 /* TimerViewController.m in Sources */ = {isa = PBXBuildFile; fileRef = 39586B7718A042AC00A95583 /* TimerViewController.m */; };
		39586B7B18A0454E00A95583 /* TimerViewController2.m in Sources */ = {isa = PBXBuildFile; fileRef = 39586B7A18A0454E00A95583 /* TimerViewController2.m */; };
		39586B7E18A0517200A95583 /* Model.xcdatamodeld in Sources */ = {isa = PBXBuildFile; fileRef = 39586B7C18A0517200A95583 /* Model.xcdatamodeld */; };
		3965D46A18972275000C7259 /* Foundation.framework in Frameworks */ = {isa = PBXBuildFile; fileRef = 3965D46918972275000C7259 /* Foundation.framework */; };
		3965D46C18972275000C7259 /* CoreGraphics.framework in Frameworks */ = {isa = PBXBuildFile; fileRef = 3965D46B18972275000C7259 /* CoreGraphics.framework */; };
		3965D46E18972275000C7259 /* UIKit.framework in Frameworks */ = {isa = PBXBuildFile; fileRef = 3965D46D18972275000C7259 /* UIKit.framework */; };
		3965D47418972275000C7259 /* InfoPlist.strings in Resources */ = {isa = PBXBuildFile; fileRef = 3965D47218972275000C7259 /* InfoPlist.strings */; };
		3965D47618972275000C7259 /* main.m in Sources */ = {isa = PBXBuildFile; fileRef = 3965D47518972275000C7259 /* main.m */; };
		3965D47A18972275000C7259 /* AppDelegate.m in Sources */ = {isa = PBXBuildFile; fileRef = 3965D47918972275000C7259 /* AppDelegate.m */; };
		3965D47D18972275000C7259 /* Main_iPhone.storyboard in Resources */ = {isa = PBXBuildFile; fileRef = 3965D47B18972275000C7259 /* Main_iPhone.storyboard */; };
		3965D48318972275000C7259 /* ViewController.m in Sources */ = {isa = PBXBuildFile; fileRef = 3965D48218972275000C7259 /* ViewController.m */; };
		3965D48518972275000C7259 /* Images.xcassets in Resources */ = {isa = PBXBuildFile; fileRef = 3965D48418972275000C7259 /* Images.xcassets */; };
		3965D48C18972275000C7259 /* XCTest.framework in Frameworks */ = {isa = PBXBuildFile; fileRef = 3965D48B18972275000C7259 /* XCTest.framework */; };
		3965D48D18972275000C7259 /* Foundation.framework in Frameworks */ = {isa = PBXBuildFile; fileRef = 3965D46918972275000C7259 /* Foundation.framework */; };
		3965D48E18972275000C7259 /* UIKit.framework in Frameworks */ = {isa = PBXBuildFile; fileRef = 3965D46D18972275000C7259 /* UIKit.framework */; };
		3965D49618972275000C7259 /* InfoPlist.strings in Resources */ = {isa = PBXBuildFile; fileRef = 3965D49418972275000C7259 /* InfoPlist.strings */; };
		3965D49818972275000C7259 /* assignment1Tests.m in Sources */ = {isa = PBXBuildFile; fileRef = 3965D49718972275000C7259 /* assignment1Tests.m */; };
		3966615618977389007851DF /* TableViewController.m in Sources */ = {isa = PBXBuildFile; fileRef = 3966615518977389007851DF /* TableViewController.m */; };
		3966619D1899B51D007851DF /* CoreViewController.m in Sources */ = {isa = PBXBuildFile; fileRef = 3966619C1899B51D007851DF /* CoreViewController.m */; };
		397C95E418A3293D002AE79B /* PageDataSourceViewController.m in Sources */ = {isa = PBXBuildFile; fileRef = 397C95E318A3293D002AE79B /* PageDataSourceViewController.m */; };
		397C95E718A32E67002AE79B /* PageViewController.m in Sources */ = {isa = PBXBuildFile; fileRef = 397C95E618A32E67002AE79B /* PageViewController.m */; };
		39D8760518A57C2E00401BFA /* NameTableViewController.m in Sources */ = {isa = PBXBuildFile; fileRef = 39D8760418A57C2E00401BFA /* NameTableViewController.m */; };
/* End PBXBuildFile section */

/* Begin PBXContainerItemProxy section */
		3965D48F18972275000C7259 /* PBXContainerItemProxy */ = {
			isa = PBXContainerItemProxy;
			containerPortal = 3965D45E18972275000C7259 /* Project object */;
			proxyType = 1;
			remoteGlobalIDString = 3965D46518972275000C7259;
			remoteInfo = assignment1;
		};
/* End PBXContainerItemProxy section */

/* Begin PBXFileReference section */
		0C2497F218A4358D004755AB /* SliderViewController.h */ = {isa = PBXFileReference; fileEncoding = 4; lastKnownFileType = sourcecode.c.h; path = SliderViewController.h; sourceTree = "<group>"; };
		0C2497F318A4358D004755AB /* SliderViewController.m */ = {isa = PBXFileReference; fileEncoding = 4; lastKnownFileType = sourcecode.c.objc; path = SliderViewController.m; sourceTree = "<group>"; };
		0CF8519818A30F1000153D6A /* SwitchViewController.h */ = {isa = PBXFileReference; fileEncoding = 4; lastKnownFileType = sourcecode.c.h; path = SwitchViewController.h; sourceTree = "<group>"; };
		0CF8519918A30F1000153D6A /* SwitchViewController.m */ = {isa = PBXFileReference; fileEncoding = 4; lastKnownFileType = sourcecode.c.objc; path = SwitchViewController.m; sourceTree = "<group>"; };
		3906508E18A568BA0092EFF5 /* CoreData.framework */ = {isa = PBXFileReference; lastKnownFileType = wrapper.framework; name = CoreData.framework; path = System/Library/Frameworks/CoreData.framework; sourceTree = SDKROOT; };
		3906509018A56AC50092EFF5 /* Record.h */ = {isa = PBXFileReference; fileEncoding = 4; lastKnownFileType = sourcecode.c.h; path = Record.h; sourceTree = "<group>"; };
		3906509118A56AC50092EFF5 /* Record.m */ = {isa = PBXFileReference; fileEncoding = 4; lastKnownFileType = sourcecode.c.objc; path = Record.m; sourceTree = "<group>"; };
		390A9B5F18A07041007D22A8 /* Alarm-Clock-256.png */ = {isa = PBXFileReference; lastKnownFileType = image.png; path = "Alarm-Clock-256.png"; sourceTree = "<group>"; };
		39586B7618A042AC00A95583 /* TimerViewController.h */ = {isa = PBXFileReference; fileEncoding = 4; lastKnownFileType = sourcecode.c.h; path = TimerViewController.h; sourceTree = "<group>"; };
		39586B7718A042AC00A95583 /* TimerViewController.m */ = {isa = PBXFileReference; fileEncoding = 4; lastKnownFileType = sourcecode.c.objc; path = TimerViewController.m; sourceTree = "<group>"; };
		39586B7918A0454E00A95583 /* TimerViewController2.h */ = {isa = PBXFileReference; fileEncoding = 4; lastKnownFileType = sourcecode.c.h; path = TimerViewController2.h; sourceTree = "<group>"; };
		39586B7A18A0454E00A95583 /* TimerViewController2.m */ = {isa = PBXFileReference; fileEncoding = 4; lastKnownFileType = sourcecode.c.objc; path = TimerViewController2.m; sourceTree = "<group>"; };
		39586B7D18A0517200A95583 /* Model.xcdatamodel */ = {isa = PBXFileReference; lastKnownFileType = wrapper.xcdatamodel; path = Model.xcdatamodel; sourceTree = "<group>"; };
		3965D46618972275000C7259 /* assignment1.app */ = {isa = PBXFileReference; explicitFileType = wrapper.application; includeInIndex = 0; path = assignment1.app; sourceTree = BUILT_PRODUCTS_DIR; };
		3965D46918972275000C7259 /* Foundation.framework */ = {isa = PBXFileReference; lastKnownFileType = wrapper.framework; name = Foundation.framework; path = System/Library/Frameworks/Foundation.framework; sourceTree = SDKROOT; };
		3965D46B18972275000C7259 /* CoreGraphics.framework */ = {isa = PBXFileReference; lastKnownFileType = wrapper.framework; name = CoreGraphics.framework; path = System/Library/Frameworks/CoreGraphics.framework; sourceTree = SDKROOT; };
		3965D46D18972275000C7259 /* UIKit.framework */ = {isa = PBXFileReference; lastKnownFileType = wrapper.framework; name = UIKit.framework; path = System/Library/Frameworks/UIKit.framework; sourceTree = SDKROOT; };
		3965D47118972275000C7259 /* assignment1-Info.plist */ = {isa = PBXFileReference; lastKnownFileType = text.plist.xml; path = "assignment1-Info.plist"; sourceTree = "<group>"; };
		3965D47318972275000C7259 /* en */ = {isa = PBXFileReference; lastKnownFileType = text.plist.strings; name = en; path = en.lproj/InfoPlist.strings; sourceTree = "<group>"; };
		3965D47518972275000C7259 /* main.m */ = {isa = PBXFileReference; lastKnownFileType = sourcecode.c.objc; path = main.m; sourceTree = "<group>"; };
		3965D47718972275000C7259 /* assignment1-Prefix.pch */ = {isa = PBXFileReference; lastKnownFileType = sourcecode.c.h; path = "assignment1-Prefix.pch"; sourceTree = "<group>"; };
		3965D47818972275000C7259 /* AppDelegate.h */ = {isa = PBXFileReference; lastKnownFileType = sourcecode.c.h; path = AppDelegate.h; sourceTree = "<group>"; };
		3965D47918972275000C7259 /* AppDelegate.m */ = {isa = PBXFileReference; lastKnownFileType = sourcecode.c.objc; path = AppDelegate.m; sourceTree = "<group>"; };
		3965D47C18972275000C7259 /* Base */ = {isa = PBXFileReference; lastKnownFileType = file.storyboard; name = Base; path = Base.lproj/Main_iPhone.storyboard; sourceTree = "<group>"; };
		3965D48118972275000C7259 /* ViewController.h */ = {isa = PBXFileReference; lastKnownFileType = sourcecode.c.h; path = ViewController.h; sourceTree = "<group>"; };
		3965D48218972275000C7259 /* ViewController.m */ = {isa = PBXFileReference; lastKnownFileType = sourcecode.c.objc; path = ViewController.m; sourceTree = "<group>"; };
		3965D48418972275000C7259 /* Images.xcassets */ = {isa = PBXFileReference; lastKnownFileType = folder.assetcatalog; path = Images.xcassets; sourceTree = "<group>"; };
		3965D48A18972275000C7259 /* assignment1Tests.xctest */ = {isa = PBXFileReference; explicitFileType = wrapper.cfbundle; includeInIndex = 0; path = assignment1Tests.xctest; sourceTree = BUILT_PRODUCTS_DIR; };
		3965D48B18972275000C7259 /* XCTest.framework */ = {isa = PBXFileReference; lastKnownFileType = wrapper.framework; name = XCTest.framework; path = Library/Frameworks/XCTest.framework; sourceTree = DEVELOPER_DIR; };
		3965D49318972275000C7259 /* assignment1Tests-Info.plist */ = {isa = PBXFileReference; lastKnownFileType = text.plist.xml; path = "assignment1Tests-Info.plist"; sourceTree = "<group>"; };
		3965D49518972275000C7259 /* en */ = {isa = PBXFileReference; lastKnownFileType = text.plist.strings; name = en; path = en.lproj/InfoPlist.strings; sourceTree = "<group>"; };
		3965D49718972275000C7259 /* assignment1Tests.m */ = {isa = PBXFileReference; lastKnownFileType = sourcecode.c.objc; path = assignment1Tests.m; sourceTree = "<group>"; };
		3966615418977389007851DF /* TableViewController.h */ = {isa = PBXFileReference; fileEncoding = 4; lastKnownFileType = sourcecode.c.h; path = TableViewController.h; sourceTree = "<group>"; };
		3966615518977389007851DF /* TableViewController.m */ = {isa = PBXFileReference; fileEncoding = 4; lastKnownFileType = sourcecode.c.objc; path = TableViewController.m; sourceTree = "<group>"; };
		3966619B1899B51D007851DF /* CoreViewController.h */ = {isa = PBXFileReference; fileEncoding = 4; lastKnownFileType = sourcecode.c.h; path = CoreViewController.h; sourceTree = "<group>"; };
		3966619C1899B51D007851DF /* CoreViewController.m */ = {isa = PBXFileReference; fileEncoding = 4; lastKnownFileType = sourcecode.c.objc; path = CoreViewController.m; sourceTree = "<group>"; };
		397C95E218A3293D002AE79B /* PageDataSourceViewController.h */ = {isa = PBXFileReference; fileEncoding = 4; lastKnownFileType = sourcecode.c.h; path = PageDataSourceViewController.h; sourceTree = "<group>"; };
		397C95E318A3293D002AE79B /* PageDataSourceViewController.m */ = {isa = PBXFileReference; fileEncoding = 4; lastKnownFileType = sourcecode.c.objc; path = PageDataSourceViewController.m; sourceTree = "<group>"; };
		397C95E518A32E67002AE79B /* PageViewController.h */ = {isa = PBXFileReference; fileEncoding = 4; lastKnownFileType = sourcecode.c.h; path = PageViewController.h; sourceTree = "<group>"; };
		397C95E618A32E67002AE79B /* PageViewController.m */ = {isa = PBXFileReference; fileEncoding = 4; lastKnownFileType = sourcecode.c.objc; path = PageViewController.m; sourceTree = "<group>"; };
		39D8760318A57C2E00401BFA /* NameTableViewController.h */ = {isa = PBXFileReference; fileEncoding = 4; lastKnownFileType = sourcecode.c.h; path = NameTableViewController.h; sourceTree = "<group>"; };
		39D8760418A57C2E00401BFA /* NameTableViewController.m */ = {isa = PBXFileReference; fileEncoding = 4; lastKnownFileType = sourcecode.c.objc; path = NameTableViewController.m; sourceTree = "<group>"; };
/* End PBXFileReference section */

/* Begin PBXFrameworksBuildPhase section */
		3965D46318972275000C7259 /* Frameworks */ = {
			isa = PBXFrameworksBuildPhase;
			buildActionMask = 2147483647;
			files = (
				3906508F18A568BA0092EFF5 /* CoreData.framework in Frameworks */,
				3965D46C18972275000C7259 /* CoreGraphics.framework in Frameworks */,
				3965D46E18972275000C7259 /* UIKit.framework in Frameworks */,
				3965D46A18972275000C7259 /* Foundation.framework in Frameworks */,
			);
			runOnlyForDeploymentPostprocessing = 0;
		};
		3965D48718972275000C7259 /* Frameworks */ = {
			isa = PBXFrameworksBuildPhase;
			buildActionMask = 2147483647;
			files = (
				3965D48C18972275000C7259 /* XCTest.framework in Frameworks */,
				3965D48E18972275000C7259 /* UIKit.framework in Frameworks */,
				3965D48D18972275000C7259 /* Foundation.framework in Frameworks */,
			);
			runOnlyForDeploymentPostprocessing = 0;
		};
/* End PBXFrameworksBuildPhase section */

/* Begin PBXGroup section */
		39586B7F18A0519E00A95583 /* Model */ = {
			isa = PBXGroup;
			children = (
				39586B7C18A0517200A95583 /* Model.xcdatamodeld */,
				3906509018A56AC50092EFF5 /* Record.h */,
				3906509118A56AC50092EFF5 /* Record.m */,
			);
			name = Model;
			sourceTree = "<group>";
		};
		3965D45D18972275000C7259 = {
			isa = PBXGroup;
			children = (
				3965D46F18972275000C7259 /* assignment1 */,
				3965D49118972275000C7259 /* assignment1Tests */,
				3965D46818972275000C7259 /* Frameworks */,
				3965D46718972275000C7259 /* Products */,
			);
			sourceTree = "<group>";
		};
		3965D46718972275000C7259 /* Products */ = {
			isa = PBXGroup;
			children = (
				3965D46618972275000C7259 /* assignment1.app */,
				3965D48A18972275000C7259 /* assignment1Tests.xctest */,
			);
			name = Products;
			sourceTree = "<group>";
		};
		3965D46818972275000C7259 /* Frameworks */ = {
			isa = PBXGroup;
			children = (
				3906508E18A568BA0092EFF5 /* CoreData.framework */,
				3965D46918972275000C7259 /* Foundation.framework */,
				3965D46B18972275000C7259 /* CoreGraphics.framework */,
				3965D46D18972275000C7259 /* UIKit.framework */,
				3965D48B18972275000C7259 /* XCTest.framework */,
			);
			name = Frameworks;
			sourceTree = "<group>";
		};
		3965D46F18972275000C7259 /* assignment1 */ = {
			isa = PBXGroup;
			children = (
				3965D47818972275000C7259 /* AppDelegate.h */,
				3965D47918972275000C7259 /* AppDelegate.m */,
				3965D47B18972275000C7259 /* Main_iPhone.storyboard */,
				0C2497F218A4358D004755AB /* SliderViewController.h */,
				0C2497F318A4358D004755AB /* SliderViewController.m */,
				0CF8519818A30F1000153D6A /* SwitchViewController.h */,
				0CF8519918A30F1000153D6A /* SwitchViewController.m */,
				39586B7618A042AC00A95583 /* TimerViewController.h */,
				39586B7718A042AC00A95583 /* TimerViewController.m */,
				39586B7918A0454E00A95583 /* TimerViewController2.h */,
				39586B7A18A0454E00A95583 /* TimerViewController2.m */,
				3966615418977389007851DF /* TableViewController.h */,
				3966615518977389007851DF /* TableViewController.m */,
				397C95E518A32E67002AE79B /* PageViewController.h */,
				397C95E618A32E67002AE79B /* PageViewController.m */,
				397C95E218A3293D002AE79B /* PageDataSourceViewController.h */,
				397C95E318A3293D002AE79B /* PageDataSourceViewController.m */,
				3965D48118972275000C7259 /* ViewController.h */,
				3965D48218972275000C7259 /* ViewController.m */,
				3966619B1899B51D007851DF /* CoreViewController.h */,
				3966619C1899B51D007851DF /* CoreViewController.m */,
				39D8760318A57C2E00401BFA /* NameTableViewController.h */,
				39D8760418A57C2E00401BFA /* NameTableViewController.m */,
				39586B7F18A0519E00A95583 /* Model */,
				3965D48418972275000C7259 /* Images.xcassets */,
				3965D47018972275000C7259 /* Supporting Files */,
			);
			path = assignment1;
			sourceTree = "<group>";
		};
		3965D47018972275000C7259 /* Supporting Files */ = {
			isa = PBXGroup;
			children = (
				390A9B5F18A07041007D22A8 /* Alarm-Clock-256.png */,
				3965D47118972275000C7259 /* assignment1-Info.plist */,
				3965D47218972275000C7259 /* InfoPlist.strings */,
				3965D47518972275000C7259 /* main.m */,
				3965D47718972275000C7259 /* assignment1-Prefix.pch */,
			);
			name = "Supporting Files";
			sourceTree = "<group>";
		};
		3965D49118972275000C7259 /* assignment1Tests */ = {
			isa = PBXGroup;
			children = (
				3965D49718972275000C7259 /* assignment1Tests.m */,
				3965D49218972275000C7259 /* Supporting Files */,
			);
			path = assignment1Tests;
			sourceTree = "<group>";
		};
		3965D49218972275000C7259 /* Supporting Files */ = {
			isa = PBXGroup;
			children = (
				3965D49318972275000C7259 /* assignment1Tests-Info.plist */,
				3965D49418972275000C7259 /* InfoPlist.strings */,
			);
			name = "Supporting Files";
			sourceTree = "<group>";
		};
/* End PBXGroup section */

/* Begin PBXNativeTarget section */
		3965D46518972275000C7259 /* assignment1 */ = {
			isa = PBXNativeTarget;
			buildConfigurationList = 3965D49B18972275000C7259 /* Build configuration list for PBXNativeTarget "assignment1" */;
			buildPhases = (
				3965D46218972275000C7259 /* Sources */,
				3965D46318972275000C7259 /* Frameworks */,
				3965D46418972275000C7259 /* Resources */,
			);
			buildRules = (
			);
			dependencies = (
			);
			name = assignment1;
			productName = assignment1;
			productReference = 3965D46618972275000C7259 /* assignment1.app */;
			productType = "com.apple.product-type.application";
		};
		3965D48918972275000C7259 /* assignment1Tests */ = {
			isa = PBXNativeTarget;
			buildConfigurationList = 3965D49E18972275000C7259 /* Build configuration list for PBXNativeTarget "assignment1Tests" */;
			buildPhases = (
				3965D48618972275000C7259 /* Sources */,
				3965D48718972275000C7259 /* Frameworks */,
				3965D48818972275000C7259 /* Resources */,
			);
			buildRules = (
			);
			dependencies = (
				3965D49018972275000C7259 /* PBXTargetDependency */,
			);
			name = assignment1Tests;
			productName = assignment1Tests;
			productReference = 3965D48A18972275000C7259 /* assignment1Tests.xctest */;
			productType = "com.apple.product-type.bundle.unit-test";
		};
/* End PBXNativeTarget section */

/* Begin PBXProject section */
		3965D45E18972275000C7259 /* Project object */ = {
			isa = PBXProject;
			attributes = {
				LastUpgradeCheck = 0500;
				ORGANIZATIONNAME = SMU;
				TargetAttributes = {
					3965D48918972275000C7259 = {
						TestTargetID = 3965D46518972275000C7259;
					};
				};
			};
			buildConfigurationList = 3965D46118972275000C7259 /* Build configuration list for PBXProject "assignment1" */;
			compatibilityVersion = "Xcode 3.2";
			developmentRegion = English;
			hasScannedForEncodings = 0;
			knownRegions = (
				en,
				Base,
			);
			mainGroup = 3965D45D18972275000C7259;
			productRefGroup = 3965D46718972275000C7259 /* Products */;
			projectDirPath = "";
			projectRoot = "";
			targets = (
				3965D46518972275000C7259 /* assignment1 */,
				3965D48918972275000C7259 /* assignment1Tests */,
			);
		};
/* End PBXProject section */

/* Begin PBXResourcesBuildPhase section */
		3965D46418972275000C7259 /* Resources */ = {
			isa = PBXResourcesBuildPhase;
			buildActionMask = 2147483647;
			files = (
				3965D48518972275000C7259 /* Images.xcassets in Resources */,
				3965D47D18972275000C7259 /* Main_iPhone.storyboard in Resources */,
				390A9B6018A07041007D22A8 /* Alarm-Clock-256.png in Resources */,
				3965D47418972275000C7259 /* InfoPlist.strings in Resources */,
			);
			runOnlyForDeploymentPostprocessing = 0;
		};
		3965D48818972275000C7259 /* Resources */ = {
			isa = PBXResourcesBuildPhase;
			buildActionMask = 2147483647;
			files = (
				3965D49618972275000C7259 /* InfoPlist.strings in Resources */,
			);
			runOnlyForDeploymentPostprocessing = 0;
		};
/* End PBXResourcesBuildPhase section */

/* Begin PBXSourcesBuildPhase section */
		3965D46218972275000C7259 /* Sources */ = {
			isa = PBXSourcesBuildPhase;
			buildActionMask = 2147483647;
			files = (
				39586B7B18A0454E00A95583 /* TimerViewController2.m in Sources */,
				39586B7818A042AC00A95583 /* TimerViewController.m in Sources */,
				3906509218A56AC50092EFF5 /* Record.m in Sources */,
				3966619D1899B51D007851DF /* CoreViewController.m in Sources */,
				39586B7E18A0517200A95583 /* Model.xcdatamodeld in Sources */,
				397C95E418A3293D002AE79B /* PageDataSourceViewController.m in Sources */,
				3965D48318972275000C7259 /* ViewController.m in Sources */,
				397C95E718A32E67002AE79B /* PageViewController.m in Sources */,
				0C2497F418A4358D004755AB /* SliderViewController.m in Sources */,
				3965D47A18972275000C7259 /* AppDelegate.m in Sources */,
				3965D47618972275000C7259 /* main.m in Sources */,
				0CF8519A18A30F1000153D6A /* SwitchViewController.m in Sources */,
				39D8760518A57C2E00401BFA /* NameTableViewController.m in Sources */,
				3966615618977389007851DF /* TableViewController.m in Sources */,
			);
			runOnlyForDeploymentPostprocessing = 0;
		};
		3965D48618972275000C7259 /* Sources */ = {
			isa = PBXSourcesBuildPhase;
			buildActionMask = 2147483647;
			files = (
				3965D49818972275000C7259 /* assignment1Tests.m in Sources */,
			);
			runOnlyForDeploymentPostprocessing = 0;
		};
/* End PBXSourcesBuildPhase section */

/* Begin PBXTargetDependency section */
		3965D49018972275000C7259 /* PBXTargetDependency */ = {
			isa = PBXTargetDependency;
			target = 3965D46518972275000C7259 /* assignment1 */;
			targetProxy = 3965D48F18972275000C7259 /* PBXContainerItemProxy */;
		};
/* End PBXTargetDependency section */

/* Begin PBXVariantGroup section */
		3965D47218972275000C7259 /* InfoPlist.strings */ = {
			isa = PBXVariantGroup;
			children = (
				3965D47318972275000C7259 /* en */,
			);
			name = InfoPlist.strings;
			sourceTree = "<group>";
		};
		3965D47B18972275000C7259 /* Main_iPhone.storyboard */ = {
			isa = PBXVariantGroup;
			children = (
				3965D47C18972275000C7259 /* Base */,
			);
			name = Main_iPhone.storyboard;
			sourceTree = "<group>";
		};
		3965D49418972275000C7259 /* InfoPlist.strings */ = {
			isa = PBXVariantGroup;
			children = (
				3965D49518972275000C7259 /* en */,
			);
			name = InfoPlist.strings;
			sourceTree = "<group>";
		};
/* End PBXVariantGroup section */

/* Begin XCBuildConfiguration section */
		3965D49918972275000C7259 /* Debug */ = {
			isa = XCBuildConfiguration;
			buildSettings = {
				ALWAYS_SEARCH_USER_PATHS = NO;
				ARCHS = "$(ARCHS_STANDARD_INCLUDING_64_BIT)";
				CLANG_CXX_LANGUAGE_STANDARD = "gnu++0x";
				CLANG_CXX_LIBRARY = "libc++";
				CLANG_ENABLE_MODULES = YES;
				CLANG_ENABLE_OBJC_ARC = YES;
				CLANG_WARN_BOOL_CONVERSION = YES;
				CLANG_WARN_CONSTANT_CONVERSION = YES;
				CLANG_WARN_DIRECT_OBJC_ISA_USAGE = YES_ERROR;
				CLANG_WARN_EMPTY_BODY = YES;
				CLANG_WARN_ENUM_CONVERSION = YES;
				CLANG_WARN_INT_CONVERSION = YES;
				CLANG_WARN_OBJC_ROOT_CLASS = YES_ERROR;
				CLANG_WARN__DUPLICATE_METHOD_MATCH = YES;
				"CODE_SIGN_IDENTITY[sdk=iphoneos*]" = "iPhone Developer";
				COPY_PHASE_STRIP = NO;
				GCC_C_LANGUAGE_STANDARD = gnu99;
				GCC_DYNAMIC_NO_PIC = NO;
				GCC_OPTIMIZATION_LEVEL = 0;
				GCC_PREPROCESSOR_DEFINITIONS = (
					"DEBUG=1",
					"$(inherited)",
				);
				GCC_SYMBOLS_PRIVATE_EXTERN = NO;
				GCC_WARN_64_TO_32_BIT_CONVERSION = YES;
				GCC_WARN_ABOUT_RETURN_TYPE = YES_ERROR;
				GCC_WARN_UNDECLARED_SELECTOR = YES;
				GCC_WARN_UNINITIALIZED_AUTOS = YES;
				GCC_WARN_UNUSED_FUNCTION = YES;
				GCC_WARN_UNUSED_VARIABLE = YES;
				IPHONEOS_DEPLOYMENT_TARGET = 7.0;
				ONLY_ACTIVE_ARCH = YES;
				SDKROOT = iphoneos;
				TARGETED_DEVICE_FAMILY = "1,2";
			};
			name = Debug;
		};
		3965D49A18972275000C7259 /* Release */ = {
			isa = XCBuildConfiguration;
			buildSettings = {
				ALWAYS_SEARCH_USER_PATHS = NO;
				ARCHS = "$(ARCHS_STANDARD_INCLUDING_64_BIT)";
				CLANG_CXX_LANGUAGE_STANDARD = "gnu++0x";
				CLANG_CXX_LIBRARY = "libc++";
				CLANG_ENABLE_MODULES = YES;
				CLANG_ENABLE_OBJC_ARC = YES;
				CLANG_WARN_BOOL_CONVERSION = YES;
				CLANG_WARN_CONSTANT_CONVERSION = YES;
				CLANG_WARN_DIRECT_OBJC_ISA_USAGE = YES_ERROR;
				CLANG_WARN_EMPTY_BODY = YES;
				CLANG_WARN_ENUM_CONVERSION = YES;
				CLANG_WARN_INT_CONVERSION = YES;
				CLANG_WARN_OBJC_ROOT_CLASS = YES_ERROR;
				CLANG_WARN__DUPLICATE_METHOD_MATCH = YES;
				"CODE_SIGN_IDENTITY[sdk=iphoneos*]" = "iPhone Developer";
				COPY_PHASE_STRIP = YES;
				ENABLE_NS_ASSERTIONS = NO;
				GCC_C_LANGUAGE_STANDARD = gnu99;
				GCC_WARN_64_TO_32_BIT_CONVERSION = YES;
				GCC_WARN_ABOUT_RETURN_TYPE = YES_ERROR;
				GCC_WARN_UNDECLARED_SELECTOR = YES;
				GCC_WARN_UNINITIALIZED_AUTOS = YES;
				GCC_WARN_UNUSED_FUNCTION = YES;
				GCC_WARN_UNUSED_VARIABLE = YES;
				IPHONEOS_DEPLOYMENT_TARGET = 7.0;
				SDKROOT = iphoneos;
				TARGETED_DEVICE_FAMILY = "1,2";
				VALIDATE_PRODUCT = YES;
			};
			name = Release;
		};
		3965D49C18972275000C7259 /* Debug */ = {
			isa = XCBuildConfiguration;
			buildSettings = {
				ASSETCATALOG_COMPILER_APPICON_NAME = AppIcon;
				ASSETCATALOG_COMPILER_LAUNCHIMAGE_NAME = LaunchImage;
				GCC_PRECOMPILE_PREFIX_HEADER = YES;
				GCC_PREFIX_HEADER = "assignment1/assignment1-Prefix.pch";
				INFOPLIST_FILE = "assignment1/assignment1-Info.plist";
				PRODUCT_NAME = "$(TARGET_NAME)";
				WRAPPER_EXTENSION = app;
			};
			name = Debug;
		};
		3965D49D18972275000C7259 /* Release */ = {
			isa = XCBuildConfiguration;
			buildSettings = {
				ASSETCATALOG_COMPILER_APPICON_NAME = AppIcon;
				ASSETCATALOG_COMPILER_LAUNCHIMAGE_NAME = LaunchImage;
				GCC_PRECOMPILE_PREFIX_HEADER = YES;
				GCC_PREFIX_HEADER = "assignment1/assignment1-Prefix.pch";
				INFOPLIST_FILE = "assignment1/assignment1-Info.plist";
				PRODUCT_NAME = "$(TARGET_NAME)";
				WRAPPER_EXTENSION = app;
			};
			name = Release;
		};
		3965D49F18972275000C7259 /* Debug */ = {
			isa = XCBuildConfiguration;
			buildSettings = {
				ARCHS = "$(ARCHS_STANDARD_INCLUDING_64_BIT)";
				BUNDLE_LOADER = "$(BUILT_PRODUCTS_DIR)/assignment1.app/assignment1";
				FRAMEWORK_SEARCH_PATHS = (
					"$(SDKROOT)/Developer/Library/Frameworks",
					"$(inherited)",
					"$(DEVELOPER_FRAMEWORKS_DIR)",
				);
				GCC_PRECOMPILE_PREFIX_HEADER = YES;
				GCC_PREFIX_HEADER = "assignment1/assignment1-Prefix.pch";
				GCC_PREPROCESSOR_DEFINITIONS = (
					"DEBUG=1",
					"$(inherited)",
				);
				INFOPLIST_FILE = "assignment1Tests/assignment1Tests-Info.plist";
				PRODUCT_NAME = "$(TARGET_NAME)";
				TEST_HOST = "$(BUNDLE_LOADER)";
				WRAPPER_EXTENSION = xctest;
			};
			name = Debug;
		};
		3965D4A018972275000C7259 /* Release */ = {
			isa = XCBuildConfiguration;
			buildSettings = {
				ARCHS = "$(ARCHS_STANDARD_INCLUDING_64_BIT)";
				BUNDLE_LOADER = "$(BUILT_PRODUCTS_DIR)/assignment1.app/assignment1";
				FRAMEWORK_SEARCH_PATHS = (
					"$(SDKROOT)/Developer/Library/Frameworks",
					"$(inherited)",
					"$(DEVELOPER_FRAMEWORKS_DIR)",
				);
				GCC_PRECOMPILE_PREFIX_HEADER = YES;
				GCC_PREFIX_HEADER = "assignment1/assignment1-Prefix.pch";
				INFOPLIST_FILE = "assignment1Tests/assignment1Tests-Info.plist";
				PRODUCT_NAME = "$(TARGET_NAME)";
				TEST_HOST = "$(BUNDLE_LOADER)";
				WRAPPER_EXTENSION = xctest;
			};
			name = Release;
		};
/* End XCBuildConfiguration section */

/* Begin XCConfigurationList section */
		3965D46118972275000C7259 /* Build configuration list for PBXProject "assignment1" */ = {
			isa = XCConfigurationList;
			buildConfigurations = (
				3965D49918972275000C7259 /* Debug */,
				3965D49A18972275000C7259 /* Release */,
			);
			defaultConfigurationIsVisible = 0;
			defaultConfigurationName = Release;
		};
		3965D49B18972275000C7259 /* Build configuration list for PBXNativeTarget "assignment1" */ = {
			isa = XCConfigurationList;
			buildConfigurations = (
				3965D49C18972275000C7259 /* Debug */,
				3965D49D18972275000C7259 /* Release */,
			);
			defaultConfigurationIsVisible = 0;
			defaultConfigurationName = Release;
		};
		3965D49E18972275000C7259 /* Build configuration list for PBXNativeTarget "assignment1Tests" */ = {
			isa = XCConfigurationList;
			buildConfigurations = (
				3965D49F18972275000C7259 /* Debug */,
				3965D4A018972275000C7259 /* Release */,
			);
			defaultConfigurationIsVisible = 0;
			defaultConfigurationName = Release;
		};
/* End XCConfigurationList section */

/* Begin XCVersionGroup section */
		39586B7C18A0517200A95583 /* Model.xcdatamodeld */ = {
			isa = XCVersionGroup;
			children = (
				39586B7D18A0517200A95583 /* Model.xcdatamodel */,
			);
			currentVersion = 39586B7D18A0517200A95583 /* Model.xcdatamodel */;
			path = Model.xcdatamodeld;
			sourceTree = "<group>";
			versionGroupType = wrapper.xcdatamodel;
		};
/* End XCVersionGroup section */
	};
	rootObject = 3965D45E18972275000C7259 /* Project object */;
}
